
Microsoft Visual Studio Solution File, Format Version 12.00
# Visual Studio Version 16
VisualStudioVersion = 16.0.29424.173
MinimumVisualStudioVersion = 10.0.40219.1
Project("{FAE04EC0-301F-11D3-BF4B-00C04F79EFBC}") = "SuperSmashBrosv3", "SuperSmashBrosv3\SuperSmashBrosv3.csproj", "{30F39B7D-677D-4E72-981D-84217DC9520B}"
EndProject
Global
	GlobalSection(SolutionConfigurationPlatforms) = preSolution
		Debug|Any CPU = Debug|Any CPU
		Release|Any CPU = Release|Any CPU
	EndGlobalSection
	GlobalSection(ProjectConfigurationPlatforms) = postSolution
		{30F39B7D-677D-4E72-981D-84217DC9520B}.Debug|Any CPU.ActiveCfg = Debug|Any CPU
		{30F39B7D-677D-4E72-981D-84217DC9520B}.Debug|Any CPU.Build.0 = Debug|Any CPU
		{30F39B7D-677D-4E72-981D-84217DC9520B}.Release|Any CPU.ActiveCfg = Release|Any CPU
		{30F39B7D-677D-4E72-981D-84217DC9520B}.Release|Any CPU.Build.0 = Release|Any CPU
	EndGlobalSection
	GlobalSection(SolutionProperties) = preSolution
		HideSolutionNode = FALSE
	EndGlobalSection
	GlobalSection(ExtensibilityGlobals) = postSolution
		SolutionGuid = {33308089-D752-4269-8192-FD63C22AFC71}
	EndGlobalSection
EndGlobal
